
Microsoft Visual Studio Solution File, Format Version 12.00
# Visual Studio Version 16
VisualStudioVersion = 16.0.31911.196
MinimumVisualStudioVersion = 10.0.40219.1
Project("{FAE04EC0-301F-11D3-BF4B-00C04F79EFBC}") = "WpfBasicApp", "WpfBasicApp\WpfBasicApp.csproj", "{DFCD389E-C720-45D3-935A-38BFF5CE3753}"
EndProject
Global
	GlobalSection(SolutionConfigurationPlatforms) = preSolution
		Debug|Any CPU = Debug|Any CPU
		Release|Any CPU = Release|Any CPU
	EndGlobalSection
	GlobalSection(ProjectConfigurationPlatforms) = postSolution
		{DFCD389E-C720-45D3-935A-38BFF5CE3753}.Debug|Any CPU.ActiveCfg = Debug|Any CPU
		{DFCD389E-C720-45D3-935A-38BFF5CE3753}.Debug|Any CPU.Build.0 = Debug|Any CPU
		{DFCD389E-C720-45D3-935A-38BFF5CE3753}.Release|Any CPU.ActiveCfg = Release|Any CPU
		{DFCD389E-C720-45D3-935A-38BFF5CE3753}.Release|Any CPU.Build.0 = Release|Any CPU
	EndGlobalSection
	GlobalSection(SolutionProperties) = preSolution
		HideSolutionNode = FALSE
	EndGlobalSection
	GlobalSection(ExtensibilityGlobals) = postSolution
		SolutionGuid = {8B0156A3-D0AC-413A-B562-FB6DBA241ECD}
	EndGlobalSection
EndGlobal
