
Microsoft Visual Studio Solution File, Format Version 12.00
# Visual Studio Version 16
VisualStudioVersion = 16.0.31911.196
MinimumVisualStudioVersion = 10.0.40219.1
Project("{9A19103F-16F7-4668-BE54-9A1E7A4F7556}") = "WpfMVVMPerson", "WpfMVVM\WpfMVVMPerson.csproj", "{34ED0A44-400E-49B9-8F64-85EAE011D6F2}"
EndProject
Project("{FAE04EC0-301F-11D3-BF4B-00C04F79EFBC}") = "WpfICommand", "WpfICommand\WpfICommand.csproj", "{01158040-AA29-4BB8-A3E7-75042EF83D3B}"
EndProject
Project("{FAE04EC0-301F-11D3-BF4B-00C04F79EFBC}") = "WpfMVVMStudent", "WpfMVVMStudent\WpfMVVMStudent.csproj", "{8A206FF4-D588-4BF1-A59C-C07C612D7B1F}"
EndProject
Project("{FAE04EC0-301F-11D3-BF4B-00C04F79EFBC}") = "WpfMVVMTextToList", "WpfMVVMTextToList\WpfMVVMTextToList.csproj", "{F7629B51-98B0-4391-884D-3A4C3BFCEE97}"
EndProject
Project("{FAE04EC0-301F-11D3-BF4B-00C04F79EFBC}") = "WpfMVVMDataValidation", "WpfMVVMDataValidation\WpfMVVMDataValidation.csproj", "{9F04E42C-8366-406D-A5AD-34C480A005C7}"
EndProject
Global
	GlobalSection(SolutionConfigurationPlatforms) = preSolution
		Debug|Any CPU = Debug|Any CPU
		Release|Any CPU = Release|Any CPU
	EndGlobalSection
	GlobalSection(ProjectConfigurationPlatforms) = postSolution
		{34ED0A44-400E-49B9-8F64-85EAE011D6F2}.Debug|Any CPU.ActiveCfg = Debug|Any CPU
		{34ED0A44-400E-49B9-8F64-85EAE011D6F2}.Debug|Any CPU.Build.0 = Debug|Any CPU
		{34ED0A44-400E-49B9-8F64-85EAE011D6F2}.Release|Any CPU.ActiveCfg = Release|Any CPU
		{34ED0A44-400E-49B9-8F64-85EAE011D6F2}.Release|Any CPU.Build.0 = Release|Any CPU
		{01158040-AA29-4BB8-A3E7-75042EF83D3B}.Debug|Any CPU.ActiveCfg = Debug|Any CPU
		{01158040-AA29-4BB8-A3E7-75042EF83D3B}.Debug|Any CPU.Build.0 = Debug|Any CPU
		{01158040-AA29-4BB8-A3E7-75042EF83D3B}.Release|Any CPU.ActiveCfg = Release|Any CPU
		{01158040-AA29-4BB8-A3E7-75042EF83D3B}.Release|Any CPU.Build.0 = Release|Any CPU
		{8A206FF4-D588-4BF1-A59C-C07C612D7B1F}.Debug|Any CPU.ActiveCfg = Debug|Any CPU
		{8A206FF4-D588-4BF1-A59C-C07C612D7B1F}.Debug|Any CPU.Build.0 = Debug|Any CPU
		{8A206FF4-D588-4BF1-A59C-C07C612D7B1F}.Release|Any CPU.ActiveCfg = Release|Any CPU
		{8A206FF4-D588-4BF1-A59C-C07C612D7B1F}.Release|Any CPU.Build.0 = Release|Any CPU
		{F7629B51-98B0-4391-884D-3A4C3BFCEE97}.Debug|Any CPU.ActiveCfg = Debug|Any CPU
		{F7629B51-98B0-4391-884D-3A4C3BFCEE97}.Debug|Any CPU.Build.0 = Debug|Any CPU
		{F7629B51-98B0-4391-884D-3A4C3BFCEE97}.Release|Any CPU.ActiveCfg = Release|Any CPU
		{F7629B51-98B0-4391-884D-3A4C3BFCEE97}.Release|Any CPU.Build.0 = Release|Any CPU
		{9F04E42C-8366-406D-A5AD-34C480A005C7}.Debug|Any CPU.ActiveCfg = Debug|Any CPU
		{9F04E42C-8366-406D-A5AD-34C480A005C7}.Debug|Any CPU.Build.0 = Debug|Any CPU
		{9F04E42C-8366-406D-A5AD-34C480A005C7}.Release|Any CPU.ActiveCfg = Release|Any CPU
		{9F04E42C-8366-406D-A5AD-34C480A005C7}.Release|Any CPU.Build.0 = Release|Any CPU
	EndGlobalSection
	GlobalSection(SolutionProperties) = preSolution
		HideSolutionNode = FALSE
	EndGlobalSection
	GlobalSection(ExtensibilityGlobals) = postSolution
		SolutionGuid = {617A7939-2650-4D9F-AD75-70675CE45B15}
	EndGlobalSection
EndGlobal
