
Microsoft Visual Studio Solution File, Format Version 12.00
# Visual Studio Version 16
VisualStudioVersion = 16.0.31911.196
MinimumVisualStudioVersion = 10.0.40219.1
Project("{FAE04EC0-301F-11D3-BF4B-00C04F79EFBC}") = "WpfFormFillAndEdit", "WpfFormFillAndEdit\WpfFormFillAndEdit.csproj", "{D379859A-397B-46FE-AA5C-35AF744474DF}"
EndProject
Global
	GlobalSection(SolutionConfigurationPlatforms) = preSolution
		Debug|Any CPU = Debug|Any CPU
		Release|Any CPU = Release|Any CPU
	EndGlobalSection
	GlobalSection(ProjectConfigurationPlatforms) = postSolution
		{D379859A-397B-46FE-AA5C-35AF744474DF}.Debug|Any CPU.ActiveCfg = Debug|Any CPU
		{D379859A-397B-46FE-AA5C-35AF744474DF}.Debug|Any CPU.Build.0 = Debug|Any CPU
		{D379859A-397B-46FE-AA5C-35AF744474DF}.Release|Any CPU.ActiveCfg = Release|Any CPU
		{D379859A-397B-46FE-AA5C-35AF744474DF}.Release|Any CPU.Build.0 = Release|Any CPU
	EndGlobalSection
	GlobalSection(SolutionProperties) = preSolution
		HideSolutionNode = FALSE
	EndGlobalSection
	GlobalSection(ExtensibilityGlobals) = postSolution
		SolutionGuid = {21D62307-63CC-49DA-89AC-1049ED7BCBCB}
	EndGlobalSection
EndGlobal
