
Microsoft Visual Studio Solution File, Format Version 12.00
# Visual Studio Version 16
VisualStudioVersion = 16.0.31911.196
MinimumVisualStudioVersion = 10.0.40219.1
Project("{FAE04EC0-301F-11D3-BF4B-00C04F79EFBC}") = "WpfDataGrid", "WpfDataGrid\WpfDataGrid.csproj", "{B6602CEF-60B5-45A6-A12E-8D1624D3CCFF}"
EndProject
Global
	GlobalSection(SolutionConfigurationPlatforms) = preSolution
		Debug|Any CPU = Debug|Any CPU
		Release|Any CPU = Release|Any CPU
	EndGlobalSection
	GlobalSection(ProjectConfigurationPlatforms) = postSolution
		{B6602CEF-60B5-45A6-A12E-8D1624D3CCFF}.Debug|Any CPU.ActiveCfg = Debug|Any CPU
		{B6602CEF-60B5-45A6-A12E-8D1624D3CCFF}.Debug|Any CPU.Build.0 = Debug|Any CPU
		{B6602CEF-60B5-45A6-A12E-8D1624D3CCFF}.Release|Any CPU.ActiveCfg = Release|Any CPU
		{B6602CEF-60B5-45A6-A12E-8D1624D3CCFF}.Release|Any CPU.Build.0 = Release|Any CPU
	EndGlobalSection
	GlobalSection(SolutionProperties) = preSolution
		HideSolutionNode = FALSE
	EndGlobalSection
	GlobalSection(ExtensibilityGlobals) = postSolution
		SolutionGuid = {B1CBBACC-AFF5-4470-89F6-1DB72D4CF5B8}
	EndGlobalSection
EndGlobal
