
Microsoft Visual Studio Solution File, Format Version 12.00
# Visual Studio Version 16
VisualStudioVersion = 16.0.31911.196
MinimumVisualStudioVersion = 10.0.40219.1
Project("{FAE04EC0-301F-11D3-BF4B-00C04F79EFBC}") = "WpfCustomProperty", "WpfCustomProperty\WpfCustomProperty.csproj", "{8521EF7D-D8EA-4ABD-A246-CD93F0AB564B}"
EndProject
Global
	GlobalSection(SolutionConfigurationPlatforms) = preSolution
		Debug|Any CPU = Debug|Any CPU
		Release|Any CPU = Release|Any CPU
	EndGlobalSection
	GlobalSection(ProjectConfigurationPlatforms) = postSolution
		{8521EF7D-D8EA-4ABD-A246-CD93F0AB564B}.Debug|Any CPU.ActiveCfg = Debug|Any CPU
		{8521EF7D-D8EA-4ABD-A246-CD93F0AB564B}.Debug|Any CPU.Build.0 = Debug|Any CPU
		{8521EF7D-D8EA-4ABD-A246-CD93F0AB564B}.Release|Any CPU.ActiveCfg = Release|Any CPU
		{8521EF7D-D8EA-4ABD-A246-CD93F0AB564B}.Release|Any CPU.Build.0 = Release|Any CPU
	EndGlobalSection
	GlobalSection(SolutionProperties) = preSolution
		HideSolutionNode = FALSE
	EndGlobalSection
	GlobalSection(ExtensibilityGlobals) = postSolution
		SolutionGuid = {1A8ACB25-14EB-4ACB-8C73-646BB9D761E5}
	EndGlobalSection
EndGlobal
